dependencies:
  '@nativescript-community/perms': 2.1.5
lockfileVersion: 5.2
packages:
  /@nativescript-community/perms/2.1.5:
    dev: false
    resolution:
      integrity: sha512-YHYgzeOvYkb6Nj2JAgor8D5YLxYvj0sxr2JfnVrkb7c/Z41lTr0PaoHvhElvK6iERobbGQ1w3HmV9eCHrDgv9g==
specifiers:
  '@nativescript-community/perms': ^2.1.0
